{
  "name": "biamp-client-demo",
  "version": "1.0.0",
  "lockfileVersion": 2,
  "requires": true,
  "packages": {
    "": {
      "name": "biamp-client-demo",
      "version": "1.0.0",
      "license": "ISC",
      "dependencies": {
        "@shgbit/biamp-client": "file:../biamp-client"
      }
    },
    "../biamp-client": {
      "name": "@shgbit/biamp-client",
      "version": "1.0.2",
      "license": "ISC",
      "dependencies": {
        "chalk": "^4.1.2",
        "winston": "^3.14.1"
      }
    },
    "node_modules/@shgbit/biamp-client": {
      "resolved": "../biamp-client",
      "link": true
    }
  },
  "dependencies": {
    "@shgbit/biamp-client": {
      "version": "file:../biamp-client",
      "requires": {
        "chalk": "^4.1.2",
        "winston": "^3.14.1"
      }
    }
  }
}
